// !$*UTF8*$!
{
	archiveVersion = 1;
	classes = {
	};
	objectVersion = 50;
	objects = {

/* Begin PBXBuildFile section */
		0F01C84320911F52003A5F1E /* main.m in Sources */ = {isa = PBXBuildFile; fileRef = 0F01C84220911F52003A5F1E /* main.m */; };
		0F01C84B20911F5E003A5F1E /* Greeter.m in Sources */ = {isa = PBXBuildFile; fileRef = 0F01C84A20911F5E003A5F1E /* Greeter.m */; };
		0F01C84E20911F7E003A5F1E /* FriendlyGreetingDecider.m in Sources */ = {isa = PBXBuildFile; fileRef = 0F01C84D20911F7E003A5F1E /* FriendlyGreetingDecider.m */; };
		0F01C851209123C8003A5F1E /* HorribleGreetingDecider.m in Sources */ = {isa = PBXBuildFile; fileRef = 0F01C850209123C8003A5F1E /* HorribleGreetingDecider.m */; };
/* End PBXBuildFile section */

/* Begin PBXCopyFilesBuildPhase section */
		0F01C83D20911F52003A5F1E /* CopyFiles */ = {
			isa = PBXCopyFilesBuildPhase;
			buildActionMask = 2147483647;
			dstPath = /usr/share/man/man1/;
			dstSubfolderSpec = 0;
			files = (
			);
			runOnlyForDeploymentPostprocessing = 1;
		};
/* End PBXCopyFilesBuildPhase section */

/* Begin PBXFileReference section */
		0F01C83F20911F52003A5F1E /* DelegatePattern */ = {isa = PBXFileReference; explicitFileType = "compiled.mach-o.executable"; includeInIndex = 0; path = DelegatePattern; sourceTree = BUILT_PRODUCTS_DIR; };
		0F01C84220911F52003A5F1E /* main.m */ = {isa = PBXFileReference; lastKnownFileType = sourcecode.c.objc; path = main.m; sourceTree = "<group>"; };
		0F01C84920911F5E003A5F1E /* Greeter.h */ = {isa = PBXFileReference; lastKnownFileType = sourcecode.c.h; path = Greeter.h; sourceTree = "<group>"; };
		0F01C84A20911F5E003A5F1E /* Greeter.m */ = {isa = PBXFileReference; lastKnownFileType = sourcecode.c.objc; path = Greeter.m; sourceTree = "<group>"; };
		0F01C84C20911F7E003A5F1E /* FriendlyGreetingDecider.h */ = {isa = PBXFileReference; lastKnownFileType = sourcecode.c.h; path = FriendlyGreetingDecider.h; sourceTree = "<group>"; };
		0F01C84D20911F7E003A5F1E /* FriendlyGreetingDecider.m */ = {isa = PBXFileReference; lastKnownFileType = sourcecode.c.objc; path = FriendlyGreetingDecider.m; sourceTree = "<group>"; };
		0F01C84F209123C8003A5F1E /* HorribleGreetingDecider.h */ = {isa = PBXFileReference; lastKnownFileType = sourcecode.c.h; path = HorribleGreetingDecider.h; sourceTree = "<group>"; };
		0F01C850209123C8003A5F1E /* HorribleGreetingDecider.m */ = {isa = PBXFileReference; lastKnownFileType = sourcecode.c.objc; path = HorribleGreetingDecider.m; sourceTree = "<group>"; };
/* End PBXFileReference section */

/* Begin PBXFrameworksBuildPhase section */
		0F01C83C20911F52003A5F1E /* Frameworks */ = {
			isa = PBXFrameworksBuildPhase;
			buildActionMask = 2147483647;
			files = (
			);
			runOnlyForDeploymentPostprocessing = 0;
		};
/* End PBXFrameworksBuildPhase section */

/* Begin PBXGroup section */
		0F01C83620911F52003A5F1E = {
			isa = PBXGroup;
			children = (
				0F01C84120911F52003A5F1E /* DelegatePattern */,
				0F01C84020911F52003A5F1E /* Products */,
			);
			sourceTree = "<group>";
		};
		0F01C84020911F52003A5F1E /* Products */ = {
			isa = PBXGroup;
			children = (
				0F01C83F20911F52003A5F1E /* DelegatePattern */,
			);
			name = Products;
			sourceTree = "<group>";
		};
		0F01C84120911F52003A5F1E /* DelegatePattern */ = {
			isa = PBXGroup;
			children = (
				0F01C84220911F52003A5F1E /* main.m */,
				0F01C84920911F5E003A5F1E /* Greeter.h */,
				0F01C84A20911F5E003A5F1E /* Greeter.m */,
				0F01C84C20911F7E003A5F1E /* FriendlyGreetingDecider.h */,
				0F01C84D20911F7E003A5F1E /* FriendlyGreetingDecider.m */,
				0F01C84F209123C8003A5F1E /* HorribleGreetingDecider.h */,
				0F01C850209123C8003A5F1E /* HorribleGreetingDecider.m */,
			);
			path = DelegatePattern;
			sourceTree = "<group>";
		};
/* End PBXGroup section */

/* Begin PBXNativeTarget section */
		0F01C83E20911F52003A5F1E /* DelegatePattern */ = {
			isa = PBXNativeTarget;
			buildConfigurationList = 0F01C84620911F52003A5F1E /* Build configuration list for PBXNativeTarget "DelegatePattern" */;
			buildPhases = (
				0F01C83B20911F52003A5F1E /* Sources */,
				0F01C83C20911F52003A5F1E /* Frameworks */,
				0F01C83D20911F52003A5F1E /* CopyFiles */,
			);
			buildRules = (
			);
			dependencies = (
			);
			name = DelegatePattern;
			productName = DelegatePattern;
			productReference = 0F01C83F20911F52003A5F1E /* DelegatePattern */;
			productType = "com.apple.product-type.tool";
		};
/* End PBXNativeTarget section */

/* Begin PBXProject section */
		0F01C83720911F52003A5F1E /* Project object */ = {
			isa = PBXProject;
			attributes = {
				LastUpgradeCheck = 0930;
				ORGANIZATIONNAME = "ping tseng tsai";
				TargetAttributes = {
					0F01C83E20911F52003A5F1E = {
						CreatedOnToolsVersion = 9.3;
					};
				};
			};
			buildConfigurationList = 0F01C83A20911F52003A5F1E /* Build configuration list for PBXProject "DelegatePattern" */;
			compatibilityVersion = "Xcode 9.3";
			developmentRegion = en;
			hasScannedForEncodings = 0;
			knownRegions = (
				en,
			);
			mainGroup = 0F01C83620911F52003A5F1E;
			productRefGroup = 0F01C84020911F52003A5F1E /* Products */;
			projectDirPath = "";
			projectRoot = "";
			targets = (
				0F01C83E20911F52003A5F1E /* DelegatePattern */,
			);
		};
/* End PBXProject section */

/* Begin PBXSourcesBuildPhase section */
		0F01C83B20911F52003A5F1E /* Sources */ = {
			isa = PBXSourcesBuildPhase;
			buildActionMask = 2147483647;
			files = (
				0F01C851209123C8003A5F1E /* HorribleGreetingDecider.m in Sources */,
				0F01C84B20911F5E003A5F1E /* Greeter.m in Sources */,
				0F01C84E20911F7E003A5F1E /* FriendlyGreetingDecider.m in Sources */,
				0F01C84320911F52003A5F1E /* main.m in Sources */,
			);
			runOnlyForDeploymentPostprocessing = 0;
		};
/* End PBXSourcesBuildPhase section */

/* Begin XCBuildConfiguration section */
		0F01C84420911F52003A5F1E /* Debug */ = {
			isa = XCBuildConfiguration;
			buildSettings = {
				ALWAYS_SEARCH_USER_PATHS = NO;
				CLANG_ANALYZER_NONNULL = YES;
				CLANG_ANALYZER_NUMBER_OBJECT_CONVERSION = YES_AGGRESSIVE;
				CLANG_CXX_LANGUAGE_STANDARD = "gnu++14";
				CLANG_CXX_LIBRARY = "libc++";
				CLANG_ENABLE_MODULES = YES;
				CLANG_ENABLE_OBJC_ARC = YES;
				CLANG_ENABLE_OBJC_WEAK = YES;
				CLANG_WARN_BLOCK_CAPTURE_AUTORELEASING = YES;
				CLANG_WARN_BOOL_CONVERSION = YES;
				CLANG_WARN_COMMA = YES;
				CLANG_WARN_CONSTANT_CONVERSION = YES;
				CLANG_WARN_DEPRECATED_OBJC_IMPLEMENTATIONS = YES;
				CLANG_WARN_DIRECT_OBJC_ISA_USAGE = YES_ERROR;
				CLANG_WARN_DOCUMENTATION_COMMENTS = YES;
				CLANG_WARN_EMPTY_BODY = YES;
				CLANG_WARN_ENUM_CONVERSION = YES;
				CLANG_WARN_INFINITE_RECURSION = YES;
				CLANG_WARN_INT_CONVERSION = YES;
				CLANG_WARN_NON_LITERAL_NULL_CONVERSION = YES;
				CLANG_WARN_OBJC_IMPLICIT_RETAIN_SELF = YES;
				CLANG_WARN_OBJC_LITERAL_CONVERSION = YES;
				CLANG_WARN_OBJC_ROOT_CLASS = YES_ERROR;
				CLANG_WARN_RANGE_LOOP_ANALYSIS = YES;
				CLANG_WARN_STRICT_PROTOTYPES = YES;
				CLANG_WARN_SUSPICIOUS_MOVE = YES;
				CLANG_WARN_UNGUARDED_AVAILABILITY = YES_AGGRESSIVE;
				CLANG_WARN_UNREACHABLE_CODE = YES;
				CLANG_WARN__DUPLICATE_METHOD_MATCH = YES;
				CODE_SIGN_IDENTITY = "-";
				COPY_PHASE_STRIP = NO;
				DEBUG_INFORMATION_FORMAT = dwarf;
				ENABLE_STRICT_OBJC_MSGSEND = YES;
				ENABLE_TESTABILITY = YES;
				GCC_C_LANGUAGE_STANDARD = gnu11;
				GCC_DYNAMIC_NO_PIC = NO;
				GCC_NO_COMMON_BLOCKS = YES;
				GCC_OPTIMIZATION_LEVEL = 0;
				GCC_PREPROCESSOR_DEFINITIONS = (
					"DEBUG=1",
					"$(inherited)",
				);
				GCC_WARN_64_TO_32_BIT_CONVERSION = YES;
				GCC_WARN_ABOUT_RETURN_TYPE = YES_ERROR;
				GCC_WARN_UNDECLARED_SELECTOR = YES;
				GCC_WARN_UNINITIALIZED_AUTOS = YES_AGGRESSIVE;
				GCC_WARN_UNUSED_FUNCTION = YES;
				GCC_WARN_UNUSED_VARIABLE = YES;
				MACOSX_DEPLOYMENT_TARGET = 10.13;
				MTL_ENABLE_DEBUG_INFO = YES;
				ONLY_ACTIVE_ARCH = YES;
				SDKROOT = macosx;
			};
			name = Debug;
		};
		0F01C84520911F52003A5F1E /* Release */ = {
			isa = XCBuildConfiguration;
			buildSettings = {
				ALWAYS_SEARCH_USER_PATHS = NO;
				CLANG_ANALYZER_NONNULL = YES;
				CLANG_ANALYZER_NUMBER_OBJECT_CONVERSION = YES_AGGRESSIVE;
				CLANG_CXX_LANGUAGE_STANDARD = "gnu++14";
				CLANG_CXX_LIBRARY = "libc++";
				CLANG_ENABLE_MODULES = YES;
				CLANG_ENABLE_OBJC_ARC = YES;
				CLANG_ENABLE_OBJC_WEAK = YES;
				CLANG_WARN_BLOCK_CAPTURE_AUTORELEASING = YES;
				CLANG_WARN_BOOL_CONVERSION = YES;
				CLANG_WARN_COMMA = YES;
				CLANG_WARN_CONSTANT_CONVERSION = YES;
				CLANG_WARN_DEPRECATED_OBJC_IMPLEMENTATIONS = YES;
				CLANG_WARN_DIRECT_OBJC_ISA_USAGE = YES_ERROR;
				CLANG_WARN_DOCUMENTATION_COMMENTS = YES;
				CLANG_WARN_EMPTY_BODY = YES;
				CLANG_WARN_ENUM_CONVERSION = YES;
				CLANG_WARN_INFINITE_RECURSION = YES;
				CLANG_WARN_INT_CONVERSION = YES;
				CLANG_WARN_NON_LITERAL_NULL_CONVERSION = YES;
				CLANG_WARN_OBJC_IMPLICIT_RETAIN_SELF = YES;
				CLANG_WARN_OBJC_LITERAL_CONVERSION = YES;
				CLANG_WARN_OBJC_ROOT_CLASS = YES_ERROR;
				CLANG_WARN_RANGE_LOOP_ANALYSIS = YES;
				CLANG_WARN_STRICT_PROTOTYPES = YES;
				CLANG_WARN_SUSPICIOUS_MOVE = YES;
				CLANG_WARN_UNGUARDED_AVAILABILITY = YES_AGGRESSIVE;
				CLANG_WARN_UNREACHABLE_CODE = YES;
				CLANG_WARN__DUPLICATE_METHOD_MATCH = YES;
				CODE_SIGN_IDENTITY = "-";
				COPY_PHASE_STRIP = NO;
				DEBUG_INFORMATION_FORMAT = "dwarf-with-dsym";
				ENABLE_NS_ASSERTIONS = NO;
				ENABLE_STRICT_OBJC_MSGSEND = YES;
				GCC_C_LANGUAGE_STANDARD = gnu11;
				GCC_NO_COMMON_BLOCKS = YES;
				GCC_WARN_64_TO_32_BIT_CONVERSION = YES;
				GCC_WARN_ABOUT_RETURN_TYPE = YES_ERROR;
				GCC_WARN_UNDECLARED_SELECTOR = YES;
				GCC_WARN_UNINITIALIZED_AUTOS = YES_AGGRESSIVE;
				GCC_WARN_UNUSED_FUNCTION = YES;
				GCC_WARN_UNUSED_VARIABLE = YES;
				MACOSX_DEPLOYMENT_TARGET = 10.13;
				MTL_ENABLE_DEBUG_INFO = NO;
				SDKROOT = macosx;
			};
			name = Release;
		};
		0F01C84720911F52003A5F1E /* Debug */ = {
			isa = XCBuildConfiguration;
			buildSettings = {
				CODE_SIGN_STYLE = Automatic;
				PRODUCT_NAME = "$(TARGET_NAME)";
			};
			name = Debug;
		};
		0F01C84820911F52003A5F1E /* Release */ = {
			isa = XCBuildConfiguration;
			buildSettings = {
				CODE_SIGN_STYLE = Automatic;
				PRODUCT_NAME = "$(TARGET_NAME)";
			};
			name = Release;
		};
/* End XCBuildConfiguration section */

/* Begin XCConfigurationList section */
		0F01C83A20911F52003A5F1E /* Build configuration list for PBXProject "DelegatePattern" */ = {
			isa = XCConfigurationList;
			buildConfigurations = (
				0F01C84420911F52003A5F1E /* Debug */,
				0F01C84520911F52003A5F1E /* Release */,
			);
			defaultConfigurationIsVisible = 0;
			defaultConfigurationName = Release;
		};
		0F01C84620911F52003A5F1E /* Build configuration list for PBXNativeTarget "DelegatePattern" */ = {
			isa = XCConfigurationList;
			buildConfigurations = (
				0F01C84720911F52003A5F1E /* Debug */,
				0F01C84820911F52003A5F1E /* Release */,
			);
			defaultConfigurationIsVisible = 0;
			defaultConfigurationName = Release;
		};
/* End XCConfigurationList section */
	};
	rootObject = 0F01C83720911F52003A5F1E /* Project object */;
}
